Microsoft Visual Studio Solution File, Format Version 12.00
# Visual Studio 2012
Project("{FAE04EC0-301F-11D3-BF4B-00C04F79EFBC}") = "TheRobloxReplacement", "TheRobloxReplacement.csproj", "{4329106C-CF5A-4865-92C1-7D0508A8664A}"
EndProject
Global
	GlobalSection(SolutionConfigurationPlatforms) = preSolution
	Debug|Any CPU = Debug|Any CPU
	ExportDebug|Any CPU = ExportDebug|Any CPU
	ExportRelease|Any CPU = ExportRelease|Any CPU
	EndGlobalSection
	GlobalSection(ProjectConfigurationPlatforms) = postSolution
		{4329106C-CF5A-4865-92C1-7D0508A8664A}.Debug|Any CPU.ActiveCfg = Debug|Any CPU
		{4329106C-CF5A-4865-92C1-7D0508A8664A}.Debug|Any CPU.Build.0 = Debug|Any CPU
		{4329106C-CF5A-4865-92C1-7D0508A8664A}.ExportDebug|Any CPU.ActiveCfg = ExportDebug|Any CPU
		{4329106C-CF5A-4865-92C1-7D0508A8664A}.ExportDebug|Any CPU.Build.0 = ExportDebug|Any CPU
		{4329106C-CF5A-4865-92C1-7D0508A8664A}.ExportRelease|Any CPU.ActiveCfg = ExportRelease|Any CPU
		{4329106C-CF5A-4865-92C1-7D0508A8664A}.ExportRelease|Any CPU.Build.0 = ExportRelease|Any CPU
	EndGlobalSection
EndGlobal
